
Microsoft Visual Studio Solution File, Format Version 12.00
# Visual Studio Version 17
VisualStudioVersion = 17.13.35919.96 d17.13
MinimumVisualStudioVersion = 10.0.40219.1
Project("{FAE04EC0-301F-11D3-BF4B-00C04F79EFBC}") = "Prac-App", "Prac-App.csproj", "{B6DBE50B-2B65-48F5-8E66-CE729B5F66D8}"
EndProject
Global
	GlobalSection(SolutionConfigurationPlatforms) = preSolution
		Debug|Any CPU = Debug|Any CPU
		Release|Any CPU = Release|Any CPU
	EndGlobalSection
	GlobalSection(ProjectConfigurationPlatforms) = postSolution
		{B6DBE50B-2B65-48F5-8E66-CE729B5F66D8}.Debug|Any CPU.ActiveCfg = Debug|Any CPU
		{B6DBE50B-2B65-48F5-8E66-CE729B5F66D8}.Debug|Any CPU.Build.0 = Debug|Any CPU
		{B6DBE50B-2B65-48F5-8E66-CE729B5F66D8}.Release|Any CPU.ActiveCfg = Release|Any CPU
		{B6DBE50B-2B65-48F5-8E66-CE729B5F66D8}.Release|Any CPU.Build.0 = Release|Any CPU
	EndGlobalSection
	GlobalSection(SolutionProperties) = preSolution
		HideSolutionNode = FALSE
	EndGlobalSection
	GlobalSection(ExtensibilityGlobals) = postSolution
		SolutionGuid = {F017437B-EAB0-4B14-BD56-DFB7DCCB9B29}
	EndGlobalSection
EndGlobal
